
Microsoft Visual Studio Solution File, Format Version 12.00
# Visual Studio Version 17
VisualStudioVersion = 17.8.34525.116
MinimumVisualStudioVersion = 10.0.40219.1
Project("{9A19103F-16F7-4668-BE54-9A1E7A4F7556}") = "BlazorServerApp", "BlazorServerApp.csproj", "{543F7EE2-624F-4538-B464-B87192DE10EA}"
EndProject
Global
	GlobalSection(SolutionConfigurationPlatforms) = preSolution
		Debug|Any CPU = Debug|Any CPU
		Release|Any CPU = Release|Any CPU
	EndGlobalSection
	GlobalSection(ProjectConfigurationPlatforms) = postSolution
		{543F7EE2-624F-4538-B464-B87192DE10EA}.Debug|Any CPU.ActiveCfg = Debug|Any CPU
		{543F7EE2-624F-4538-B464-B87192DE10EA}.Debug|Any CPU.Build.0 = Debug|Any CPU
		{543F7EE2-624F-4538-B464-B87192DE10EA}.Release|Any CPU.ActiveCfg = Release|Any CPU
		{543F7EE2-624F-4538-B464-B87192DE10EA}.Release|Any CPU.Build.0 = Release|Any CPU
	EndGlobalSection
	GlobalSection(SolutionProperties) = preSolution
		HideSolutionNode = FALSE
	EndGlobalSection
	GlobalSection(ExtensibilityGlobals) = postSolution
		SolutionGuid = {36BD9ACC-2914-40CC-B0C7-F80A8521FB7D}
	EndGlobalSection
EndGlobal
